
Microsoft Visual Studio Solution File, Format Version 12.00
# Visual Studio Version 16
VisualStudioVersion = 16.0.30011.22
MinimumVisualStudioVersion = 10.0.40219.1
Project("{FAE04EC0-301F-11D3-BF4B-00C04F79EFBC}") = "XamarinSyncfusionCsla.Android", "XamarinSyncfusionCsla\XamarinSyncfusionCsla.Android\XamarinSyncfusionCsla.Android.csproj", "{B8936CFC-21CE-41CC-B37A-CA25CCF3577C}"
EndProject
Project("{FAE04EC0-301F-11D3-BF4B-00C04F79EFBC}") = "XamarinSyncfusionCsla", "XamarinSyncfusionCsla\XamarinSyncfusionCsla\XamarinSyncfusionCsla.csproj", "{E5FFE462-DD6A-4506-A52C-DD4C64155E91}"
EndProject
Global
	GlobalSection(SolutionConfigurationPlatforms) = preSolution
		Debug|Any CPU = Debug|Any CPU
		Release|Any CPU = Release|Any CPU
	EndGlobalSection
	GlobalSection(ProjectConfigurationPlatforms) = postSolution
		{B8936CFC-21CE-41CC-B37A-CA25CCF3577C}.Debug|Any CPU.ActiveCfg = Debug|Any CPU
		{B8936CFC-21CE-41CC-B37A-CA25CCF3577C}.Debug|Any CPU.Build.0 = Debug|Any CPU
		{B8936CFC-21CE-41CC-B37A-CA25CCF3577C}.Debug|Any CPU.Deploy.0 = Debug|Any CPU
		{B8936CFC-21CE-41CC-B37A-CA25CCF3577C}.Release|Any CPU.ActiveCfg = Release|Any CPU
		{B8936CFC-21CE-41CC-B37A-CA25CCF3577C}.Release|Any CPU.Build.0 = Release|Any CPU
		{B8936CFC-21CE-41CC-B37A-CA25CCF3577C}.Release|Any CPU.Deploy.0 = Release|Any CPU
		{E5FFE462-DD6A-4506-A52C-DD4C64155E91}.Debug|Any CPU.ActiveCfg = Debug|Any CPU
		{E5FFE462-DD6A-4506-A52C-DD4C64155E91}.Debug|Any CPU.Build.0 = Debug|Any CPU
		{E5FFE462-DD6A-4506-A52C-DD4C64155E91}.Debug|Any CPU.Deploy.0 = Debug|Any CPU
		{E5FFE462-DD6A-4506-A52C-DD4C64155E91}.Release|Any CPU.ActiveCfg = Release|Any CPU
		{E5FFE462-DD6A-4506-A52C-DD4C64155E91}.Release|Any CPU.Build.0 = Release|Any CPU
		{E5FFE462-DD6A-4506-A52C-DD4C64155E91}.Release|Any CPU.Deploy.0 = Release|Any CPU
	EndGlobalSection
	GlobalSection(SolutionProperties) = preSolution
		HideSolutionNode = FALSE
	EndGlobalSection
	GlobalSection(ExtensibilityGlobals) = postSolution
		SolutionGuid = {9460F191-BCBF-4716-AD11-65B7F8C28F11}
	EndGlobalSection
EndGlobal
